
Microsoft Visual Studio Solution File, Format Version 12.00
# Visual Studio Version 17
VisualStudioVersion = 17.0.32002.185
MinimumVisualStudioVersion = 10.0.40219.1
Project("{FAE04EC0-301F-11D3-BF4B-00C04F79EFBC}") = "ConsoleApp1", "ConsoleApp1\ConsoleApp1.csproj", "{6E4EA9CE-15A4-43A5-99B4-EE0AB428037E}"
EndProject
Global
	GlobalSection(SolutionConfigurationPlatforms) = preSolution
		Debug|Any CPU = Debug|Any CPU
		Release|Any CPU = Release|Any CPU
	EndGlobalSection
	GlobalSection(ProjectConfigurationPlatforms) = postSolution
		{6E4EA9CE-15A4-43A5-99B4-EE0AB428037E}.Debug|Any CPU.ActiveCfg = Debug|Any CPU
		{6E4EA9CE-15A4-43A5-99B4-EE0AB428037E}.Debug|Any CPU.Build.0 = Debug|Any CPU
		{6E4EA9CE-15A4-43A5-99B4-EE0AB428037E}.Release|Any CPU.ActiveCfg = Release|Any CPU
		{6E4EA9CE-15A4-43A5-99B4-EE0AB428037E}.Release|Any CPU.Build.0 = Release|Any CPU
	EndGlobalSection
	GlobalSection(SolutionProperties) = preSolution
		HideSolutionNode = FALSE
	EndGlobalSection
	GlobalSection(ExtensibilityGlobals) = postSolution
		SolutionGuid = {A0D6C174-BC5B-411F-95AC-B5765BB9AD40}
	EndGlobalSection
EndGlobal
